
Microsoft Visual Studio Solution File, Format Version 12.00
# Visual Studio 15
VisualStudioVersion = 15.0.27428.2037
MinimumVisualStudioVersion = 10.0.40219.1
Project("{FAE04EC0-301F-11D3-BF4B-00C04F79EFBC}") = "FishKillReport", "FishKillReport\FishKillReport.csproj", "{4C5F25A6-2413-4618-8B91-FE441EE0FEBB}"
EndProject
Project("{9A19103F-16F7-4668-BE54-9A1E7A4F7556}") = "FishKillFunctionApp", "FishKillFunctionApp\FishKillFunctionApp.csproj", "{9190F4A6-BA32-4313-A36C-AED05FC0F4EC}"
EndProject
Project("{FAE04EC0-301F-11D3-BF4B-00C04F79EFBC}") = "FishKillCommonLibrary", "FishKillCommonLibrary\FishKillCommonLibrary.csproj", "{6DD36F90-B2ED-4F29-BEC3-A0A5FDEABFDD}"
EndProject
Global
	GlobalSection(SolutionConfigurationPlatforms) = preSolution
		Debug|Any CPU = Debug|Any CPU
		Release|Any CPU = Release|Any CPU
	EndGlobalSection
	GlobalSection(ProjectConfigurationPlatforms) = postSolution
		{4C5F25A6-2413-4618-8B91-FE441EE0FEBB}.Debug|Any CPU.ActiveCfg = Debug|Any CPU
		{4C5F25A6-2413-4618-8B91-FE441EE0FEBB}.Debug|Any CPU.Build.0 = Debug|Any CPU
		{4C5F25A6-2413-4618-8B91-FE441EE0FEBB}.Release|Any CPU.ActiveCfg = Release|Any CPU
		{4C5F25A6-2413-4618-8B91-FE441EE0FEBB}.Release|Any CPU.Build.0 = Release|Any CPU
		{9190F4A6-BA32-4313-A36C-AED05FC0F4EC}.Debug|Any CPU.ActiveCfg = Debug|Any CPU
		{9190F4A6-BA32-4313-A36C-AED05FC0F4EC}.Debug|Any CPU.Build.0 = Debug|Any CPU
		{9190F4A6-BA32-4313-A36C-AED05FC0F4EC}.Release|Any CPU.ActiveCfg = Release|Any CPU
		{9190F4A6-BA32-4313-A36C-AED05FC0F4EC}.Release|Any CPU.Build.0 = Release|Any CPU
		{6DD36F90-B2ED-4F29-BEC3-A0A5FDEABFDD}.Debug|Any CPU.ActiveCfg = Debug|Any CPU
		{6DD36F90-B2ED-4F29-BEC3-A0A5FDEABFDD}.Debug|Any CPU.Build.0 = Debug|Any CPU
		{6DD36F90-B2ED-4F29-BEC3-A0A5FDEABFDD}.Release|Any CPU.ActiveCfg = Release|Any CPU
		{6DD36F90-B2ED-4F29-BEC3-A0A5FDEABFDD}.Release|Any CPU.Build.0 = Release|Any CPU
	EndGlobalSection
	GlobalSection(SolutionProperties) = preSolution
		HideSolutionNode = FALSE
	EndGlobalSection
	GlobalSection(ExtensibilityGlobals) = postSolution
		SolutionGuid = {4FF4982A-8E99-4BC0-9B9B-8333855ED866}
	EndGlobalSection
EndGlobal
